
Microsoft Visual Studio Solution File, Format Version 11.00
# Visual Studio 2010
Project("{FAE04EC0-301F-11D3-BF4B-00C04F79EFBC}") = "ProjetoDeSoftware", "ProjetoDeSoftware\ProjetoDeSoftware.csproj", "{0D4383E9-180B-4E9E-98F8-99C893F190CF}"
EndProject
Global
	GlobalSection(SolutionConfigurationPlatforms) = preSolution
		Debug|x86 = Debug|x86
		Release|x86 = Release|x86
	EndGlobalSection
	GlobalSection(ProjectConfigurationPlatforms) = postSolution
		{0D4383E9-180B-4E9E-98F8-99C893F190CF}.Debug|x86.ActiveCfg = Debug|x86
		{0D4383E9-180B-4E9E-98F8-99C893F190CF}.Debug|x86.Build.0 = Debug|x86
		{0D4383E9-180B-4E9E-98F8-99C893F190CF}.Release|x86.ActiveCfg = Release|x86
		{0D4383E9-180B-4E9E-98F8-99C893F190CF}.Release|x86.Build.0 = Release|x86
	EndGlobalSection
	GlobalSection(SolutionProperties) = preSolution
		HideSolutionNode = FALSE
	EndGlobalSection
EndGlobal
